{
  "name": "clipper",
  "lockfileVersion": 3,
  "requires": true,
  "packages": {},
  "dependencies": {
    "next": {
      "version": "^14.0.0"
    },
    "react": {
      "version": "^18.2.0"
    },
    "react-dom": {
      "version": "^18.2.0"
    },
    "sqlite3": {
      "version": "^5.1.6"
    }
  }
}
